// !$*UTF8*$!
{
	archiveVersion = 1;
	classes = {
	};
	objectVersion = 46;
	objects = {

/* Begin PBXBuildFile section */
		849C04A61BB011A0005E835C /* main.m in Sources */ = {isa = PBXBuildFile; fileRef = 849C04A51BB011A0005E835C /* main.m */; };
		849C04A91BB011A0005E835C /* AppDelegate.m in Sources */ = {isa = PBXBuildFile; fileRef = 849C04A81BB011A0005E835C /* AppDelegate.m */; };
		849C04AC1BB011A0005E835C /* ViewController.m in Sources */ = {isa = PBXBuildFile; fileRef = 849C04AB1BB011A0005E835C /* ViewController.m */; };
		849C04AF1BB011A0005E835C /* Main.storyboard in Resources */ = {isa = PBXBuildFile; fileRef = 849C04AD1BB011A0005E835C /* Main.storyboard */; };
		849C04B11BB011A0005E835C /* Images.xcassets in Resources */ = {isa = PBXBuildFile; fileRef = 849C04B01BB011A0005E835C /* Images.xcassets */; };
		849C04B41BB011A0005E835C /* LaunchScreen.xib in Resources */ = {isa = PBXBuildFile; fileRef = 849C04B21BB011A0005E835C /* LaunchScreen.xib */; };
		849C04C01BB011A0005E835C /* AddSignTableViewTests.m in Sources */ = {isa = PBXBuildFile; fileRef = 849C04BF1BB011A0005E835C /* AddSignTableViewTests.m */; };
		849C04CB1BB012F0005E835C /* TableViewController.m in Sources */ = {isa = PBXBuildFile; fileRef = 849C04CA1BB012F0005E835C /* TableViewController.m */; };
/* End PBXBuildFile section */

/* Begin PBXContainerItemProxy section */
		849C04BA1BB011A0005E835C /* PBXContainerItemProxy */ = {
			isa = PBXContainerItemProxy;
			containerPortal = 849C04981BB011A0005E835C /* Project object */;
			proxyType = 1;
			remoteGlobalIDString = 849C049F1BB011A0005E835C;
			remoteInfo = AddSignTableView;
		};
/* End PBXContainerItemProxy section */

/* Begin PBXFileReference section */
		849C04A01BB011A0005E835C /* AddSignTableView.app */ = {isa = PBXFileReference; explicitFileType = wrapper.application; includeInIndex = 0; path = AddSignTableView.app; sourceTree = BUILT_PRODUCTS_DIR; };
		849C04A41BB011A0005E835C /* Info.plist */ = {isa = PBXFileReference; lastKnownFileType = text.plist.xml; path = Info.plist; sourceTree = "<group>"; };
		849C04A51BB011A0005E835C /* main.m */ = {isa = PBXFileReference; lastKnownFileType = sourcecode.c.objc; path = main.m; sourceTree = "<group>"; };
		849C04A71BB011A0005E835C /* AppDelegate.h */ = {isa = PBXFileReference; lastKnownFileType = sourcecode.c.h; path = AppDelegate.h; sourceTree = "<group>"; };
		849C04A81BB011A0005E835C /* AppDelegate.m */ = {isa = PBXFileReference; lastKnownFileType = sourcecode.c.objc; path = AppDelegate.m; sourceTree = "<group>"; };
		849C04AA1BB011A0005E835C /* ViewController.h */ = {isa = PBXFileReference; lastKnownFileType = sourcecode.c.h; path = ViewController.h; sourceTree = "<group>"; };
		849C04AB1BB011A0005E835C /* ViewController.m */ = {isa = PBXFileReference; lastKnownFileType = sourcecode.c.objc; path = ViewController.m; sourceTree = "<group>"; };
		849C04AE1BB011A0005E835C /* Base */ = {isa = PBXFileReference; lastKnownFileType = file.storyboard; name = Base; path = Base.lproj/Main.storyboard; sourceTree = "<group>"; };
		849C04B01BB011A0005E835C /* Images.xcassets */ = {isa = PBXFileReference; lastKnownFileType = folder.assetcatalog; path = Images.xcassets; sourceTree = "<group>"; };
		849C04B31BB011A0005E835C /* Base */ = {isa = PBXFileReference; lastKnownFileType = file.xib; name = Base; path = Base.lproj/LaunchScreen.xib; sourceTree = "<group>"; };
		849C04B91BB011A0005E835C /* AddSignTableViewTests.xctest */ = {isa = PBXFileReference; explicitFileType = wrapper.cfbundle; includeInIndex = 0; path = AddSignTableViewTests.xctest; sourceTree = BUILT_PRODUCTS_DIR; };
		849C04BE1BB011A0005E835C /* Info.plist */ = {isa = PBXFileReference; lastKnownFileType = text.plist.xml; path = Info.plist; sourceTree = "<group>"; };
		849C04BF1BB011A0005E835C /* AddSignTableViewTests.m */ = {isa = PBXFileReference; lastKnownFileType = sourcecode.c.objc; path = AddSignTableViewTests.m; sourceTree = "<group>"; };
		849C04C91BB012F0005E835C /* TableViewController.h */ = {isa = PBXFileReference; fileEncoding = 4; lastKnownFileType = sourcecode.c.h; path = TableViewController.h; sourceTree = "<group>"; };
		849C04CA1BB012F0005E835C /* TableViewController.m */ = {isa = PBXFileReference; fileEncoding = 4; lastKnownFileType = sourcecode.c.objc; path = TableViewController.m; sourceTree = "<group>"; };
/* End PBXFileReference section */

/* Begin PBXFrameworksBuildPhase section */
		849C049D1BB011A0005E835C /* Frameworks */ = {
			isa = PBXFrameworksBuildPhase;
			buildActionMask = 2147483647;
			files = (
			);
			runOnlyForDeploymentPostprocessing = 0;
		};
		849C04B61BB011A0005E835C /* Frameworks */ = {
			isa = PBXFrameworksBuildPhase;
			buildActionMask = 2147483647;
			files = (
			);
			runOnlyForDeploymentPostprocessing = 0;
		};
/* End PBXFrameworksBuildPhase section */

/* Begin PBXGroup section */
		849C04971BB011A0005E835C = {
			isa = PBXGroup;
			children = (
				849C04A21BB011A0005E835C /* AddSignTableView */,
				849C04BC1BB011A0005E835C /* AddSignTableViewTests */,
				849C04A11BB011A0005E835C /* Products */,
			);
			sourceTree = "<group>";
		};
		849C04A11BB011A0005E835C /* Products */ = {
			isa = PBXGroup;
			children = (
				849C04A01BB011A0005E835C /* AddSignTableView.app */,
				849C04B91BB011A0005E835C /* AddSignTableViewTests.xctest */,
			);
			name = Products;
			sourceTree = "<group>";
		};
		849C04A21BB011A0005E835C /* AddSignTableView */ = {
			isa = PBXGroup;
			children = (
				849C04A71BB011A0005E835C /* AppDelegate.h */,
				849C04A81BB011A0005E835C /* AppDelegate.m */,
				849C04AA1BB011A0005E835C /* ViewController.h */,
				849C04AB1BB011A0005E835C /* ViewController.m */,
				849C04C91BB012F0005E835C /* TableViewController.h */,
				849C04CA1BB012F0005E835C /* TableViewController.m */,
				849C04AD1BB011A0005E835C /* Main.storyboard */,
				849C04B01BB011A0005E835C /* Images.xcassets */,
				849C04B21BB011A0005E835C /* LaunchScreen.xib */,
				849C04A31BB011A0005E835C /* Supporting Files */,
			);
			path = AddSignTableView;
			sourceTree = "<group>";
		};
		849C04A31BB011A0005E835C /* Supporting Files */ = {
			isa = PBXGroup;
			children = (
				849C04A41BB011A0005E835C /* Info.plist */,
				849C04A51BB011A0005E835C /* main.m */,
			);
			name = "Supporting Files";
			sourceTree = "<group>";
		};
		849C04BC1BB011A0005E835C /* AddSignTableViewTests */ = {
			isa = PBXGroup;
			children = (
				849C04BF1BB011A0005E835C /* AddSignTableViewTests.m */,
				849C04BD1BB011A0005E835C /* Supporting Files */,
			);
			path = AddSignTableViewTests;
			sourceTree = "<group>";
		};
		849C04BD1BB011A0005E835C /* Supporting Files */ = {
			isa = PBXGroup;
			children = (
				849C04BE1BB011A0005E835C /* Info.plist */,
			);
			name = "Supporting Files";
			sourceTree = "<group>";
		};
/* End PBXGroup section */

/* Begin PBXNativeTarget section */
		849C049F1BB011A0005E835C /* AddSignTableView */ = {
			isa = PBXNativeTarget;
			buildConfigurationList = 849C04C31BB011A0005E835C /* Build configuration list for PBXNativeTarget "AddSignTableView" */;
			buildPhases = (
				849C049C1BB011A0005E835C /* Sources */,
				849C049D1BB011A0005E835C /* Frameworks */,
				849C049E1BB011A0005E835C /* Resources */,
			);
			buildRules = (
			);
			dependencies = (
			);
			name = AddSignTableView;
			productName = AddSignTableView;
			productReference = 849C04A01BB011A0005E835C /* AddSignTableView.app */;
			productType = "com.apple.product-type.application";
		};
		849C04B81BB011A0005E835C /* AddSignTableViewTests */ = {
			isa = PBXNativeTarget;
			buildConfigurationList = 849C04C61BB011A0005E835C /* Build configuration list for PBXNativeTarget "AddSignTableViewTests" */;
			buildPhases = (
				849C04B51BB011A0005E835C /* Sources */,
				849C04B61BB011A0005E835C /* Frameworks */,
				849C04B71BB011A0005E835C /* Resources */,
			);
			buildRules = (
			);
			dependencies = (
				849C04BB1BB011A0005E835C /* PBXTargetDependency */,
			);
			name = AddSignTableViewTests;
			productName = AddSignTableViewTests;
			productReference = 849C04B91BB011A0005E835C /* AddSignTableViewTests.xctest */;
			productType = "com.apple.product-type.bundle.unit-test";
		};
/* End PBXNativeTarget section */

/* Begin PBXProject section */
		849C04981BB011A0005E835C /* Project object */ = {
			isa = PBXProject;
			attributes = {
				LastUpgradeCheck = 0610;
				ORGANIZATIONNAME = Admin;
				TargetAttributes = {
					849C049F1BB011A0005E835C = {
						CreatedOnToolsVersion = 6.1.1;
					};
					849C04B81BB011A0005E835C = {
						CreatedOnToolsVersion = 6.1.1;
						TestTargetID = 849C049F1BB011A0005E835C;
					};
				};
			};
			buildConfigurationList = 849C049B1BB011A0005E835C /* Build configuration list for PBXProject "AddSignTableView" */;
			compatibilityVersion = "Xcode 3.2";
			developmentRegion = English;
			hasScannedForEncodings = 0;
			knownRegions = (
				en,
				Base,
			);
			mainGroup = 849C04971BB011A0005E835C;
			productRefGroup = 849C04A11BB011A0005E835C /* Products */;
			projectDirPath = "";
			projectRoot = "";
			targets = (
				849C049F1BB011A0005E835C /* AddSignTableView */,
				849C04B81BB011A0005E835C /* AddSignTableViewTests */,
			);
		};
/* End PBXProject section */

/* Begin PBXResourcesBuildPhase section */
		849C049E1BB011A0005E835C /* Resources */ = {
			isa = PBXResourcesBuildPhase;
			buildActionMask = 2147483647;
			files = (
				849C04AF1BB011A0005E835C /* Main.storyboard in Resources */,
				849C04B41BB011A0005E835C /* LaunchScreen.xib in Resources */,
				849C04B11BB011A0005E835C /* Images.xcassets in Resources */,
			);
			runOnlyForDeploymentPostprocessing = 0;
		};
		849C04B71BB011A0005E835C /* Resources */ = {
			isa = PBXResourcesBuildPhase;
			buildActionMask = 2147483647;
			files = (
			);
			runOnlyForDeploymentPostprocessing = 0;
		};
/* End PBXResourcesBuildPhase section */

/* Begin PBXSourcesBuildPhase section */
		849C049C1BB011A0005E835C /* Sources */ = {
			isa = PBXSourcesBuildPhase;
			buildActionMask = 2147483647;
			files = (
				849C04AC1BB011A0005E835C /* ViewController.m in Sources */,
				849C04A91BB011A0005E835C /* AppDelegate.m in Sources */,
				849C04A61BB011A0005E835C /* main.m in Sources */,
				849C04CB1BB012F0005E835C /* TableViewController.m in Sources */,
			);
			runOnlyForDeploymentPostprocessing = 0;
		};
		849C04B51BB011A0005E835C /* Sources */ = {
			isa = PBXSourcesBuildPhase;
			buildActionMask = 2147483647;
			files = (
				849C04C01BB011A0005E835C /* AddSignTableViewTests.m in Sources */,
			);
			runOnlyForDeploymentPostprocessing = 0;
		};
/* End PBXSourcesBuildPhase section */

/* Begin PBXTargetDependency section */
		849C04BB1BB011A0005E835C /* PBXTargetDependency */ = {
			isa = PBXTargetDependency;
			target = 849C049F1BB011A0005E835C /* AddSignTableView */;
			targetProxy = 849C04BA1BB011A0005E835C /* PBXContainerItemProxy */;
		};
/* End PBXTargetDependency section */

/* Begin PBXVariantGroup section */
		849C04AD1BB011A0005E835C /* Main.storyboard */ = {
			isa = PBXVariantGroup;
			children = (
				849C04AE1BB011A0005E835C /* Base */,
			);
			name = Main.storyboard;
			sourceTree = "<group>";
		};
		849C04B21BB011A0005E835C /* LaunchScreen.xib */ = {
			isa = PBXVariantGroup;
			children = (
				849C04B31BB011A0005E835C /* Base */,
			);
			name = LaunchScreen.xib;
			sourceTree = "<group>";
		};
/* End PBXVariantGroup section */

/* Begin XCBuildConfiguration section */
		849C04C11BB011A0005E835C /* Debug */ = {
			isa = XCBuildConfiguration;
			buildSettings = {
				ALWAYS_SEARCH_USER_PATHS = NO;
				CLANG_CXX_LANGUAGE_STANDARD = "gnu++0x";
				CLANG_CXX_LIBRARY = "libc++";
				CLANG_ENABLE_MODULES = YES;
				CLANG_ENABLE_OBJC_ARC = YES;
				CLANG_WARN_BOOL_CONVERSION = YES;
				CLANG_WARN_CONSTANT_CONVERSION = YES;
				CLANG_WARN_DIRECT_OBJC_ISA_USAGE = YES_ERROR;
				CLANG_WARN_EMPTY_BODY = YES;
				CLANG_WARN_ENUM_CONVERSION = YES;
				CLANG_WARN_INT_CONVERSION = YES;
				CLANG_WARN_OBJC_ROOT_CLASS = YES_ERROR;
				CLANG_WARN_UNREACHABLE_CODE = YES;
				CLANG_WARN__DUPLICATE_METHOD_MATCH = YES;
				"CODE_SIGN_IDENTITY[sdk=iphoneos*]" = "iPhone Developer";
				COPY_PHASE_STRIP = NO;
				ENABLE_STRICT_OBJC_MSGSEND = YES;
				GCC_C_LANGUAGE_STANDARD = gnu99;
				GCC_DYNAMIC_NO_PIC = NO;
				GCC_OPTIMIZATION_LEVEL = 0;
				GCC_PREPROCESSOR_DEFINITIONS = (
					"DEBUG=1",
					"$(inherited)",
				);
				GCC_SYMBOLS_PRIVATE_EXTERN = NO;
				GCC_WARN_64_TO_32_BIT_CONVERSION = YES;
				GCC_WARN_ABOUT_RETURN_TYPE = YES_ERROR;
				GCC_WARN_UNDECLARED_SELECTOR = YES;
				GCC_WARN_UNINITIALIZED_AUTOS = YES_AGGRESSIVE;
				GCC_WARN_UNUSED_FUNCTION = YES;
				GCC_WARN_UNUSED_VARIABLE = YES;
				IPHONEOS_DEPLOYMENT_TARGET = 8.1;
				MTL_ENABLE_DEBUG_INFO = YES;
				ONLY_ACTIVE_ARCH = YES;
				SDKROOT = iphoneos;
			};
			name = Debug;
		};
		849C04C21BB011A0005E835C /* Release */ = {
			isa = XCBuildConfiguration;
			buildSettings = {
				ALWAYS_SEARCH_USER_PATHS = NO;
				CLANG_CXX_LANGUAGE_STANDARD = "gnu++0x";
				CLANG_CXX_LIBRARY = "libc++";
				CLANG_ENABLE_MODULES = YES;
				CLANG_ENABLE_OBJC_ARC = YES;
				CLANG_WARN_BOOL_CONVERSION = YES;
				CLANG_WARN_CONSTANT_CONVERSION = YES;
				CLANG_WARN_DIRECT_OBJC_ISA_USAGE = YES_ERROR;
				CLANG_WARN_EMPTY_BODY = YES;
				CLANG_WARN_ENUM_CONVERSION = YES;
				CLANG_WARN_INT_CONVERSION = YES;
				CLANG_WARN_OBJC_ROOT_CLASS = YES_ERROR;
				CLANG_WARN_UNREACHABLE_CODE = YES;
				CLANG_WARN__DUPLICATE_METHOD_MATCH = YES;
				"CODE_SIGN_IDENTITY[sdk=iphoneos*]" = "iPhone Developer";
				COPY_PHASE_STRIP = YES;
				ENABLE_NS_ASSERTIONS = NO;
				ENABLE_STRICT_OBJC_MSGSEND = YES;
				GCC_C_LANGUAGE_STANDARD = gnu99;
				GCC_WARN_64_TO_32_BIT_CONVERSION = YES;
				GCC_WARN_ABOUT_RETURN_TYPE = YES_ERROR;
				GCC_WARN_UNDECLARED_SELECTOR = YES;
				GCC_WARN_UNINITIALIZED_AUTOS = YES_AGGRESSIVE;
				GCC_WARN_UNUSED_FUNCTION = YES;
				GCC_WARN_UNUSED_VARIABLE = YES;
				IPHONEOS_DEPLOYMENT_TARGET = 8.1;
				MTL_ENABLE_DEBUG_INFO = NO;
				SDKROOT = iphoneos;
				VALIDATE_PRODUCT = YES;
			};
			name = Release;
		};
		849C04C41BB011A0005E835C /* Debug */ = {
			isa = XCBuildConfiguration;
			buildSettings = {
				ASSETCATALOG_COMPILER_APPICON_NAME = AppIcon;
				INFOPLIST_FILE = AddSignTableView/Info.plist;
				LD_RUNPATH_SEARCH_PATHS = "$(inherited) @executable_path/Frameworks";
				PRODUCT_NAME = "$(TARGET_NAME)";
			};
			name = Debug;
		};
		849C04C51BB011A0005E835C /* Release */ = {
			isa = XCBuildConfiguration;
			buildSettings = {
				ASSETCATALOG_COMPILER_APPICON_NAME = AppIcon;
				INFOPLIST_FILE = AddSignTableView/Info.plist;
				LD_RUNPATH_SEARCH_PATHS = "$(inherited) @executable_path/Frameworks";
				PRODUCT_NAME = "$(TARGET_NAME)";
			};
			name = Release;
		};
		849C04C71BB011A0005E835C /* Debug */ = {
			isa = XCBuildConfiguration;
			buildSettings = {
				BUNDLE_LOADER = "$(TEST_HOST)";
				FRAMEWORK_SEARCH_PATHS = (
					"$(SDKROOT)/Developer/Library/Frameworks",
					"$(inherited)",
				);
				GCC_PREPROCESSOR_DEFINITIONS = (
					"DEBUG=1",
					"$(inherited)",
				);
				INFOPLIST_FILE = AddSignTableViewTests/Info.plist;
				LD_RUNPATH_SEARCH_PATHS = "$(inherited) @executable_path/Frameworks @loader_path/Frameworks";
				PRODUCT_NAME = "$(TARGET_NAME)";
				TEST_HOST = "$(BUILT_PRODUCTS_DIR)/AddSignTableView.app/AddSignTableView";
			};
			name = Debug;
		};
		849C04C81BB011A0005E835C /* Release */ = {
			isa = XCBuildConfiguration;
			buildSettings = {
				BUNDLE_LOADER = "$(TEST_HOST)";
				FRAMEWORK_SEARCH_PATHS = (
					"$(SDKROOT)/Developer/Library/Frameworks",
					"$(inherited)",
				);
				INFOPLIST_FILE = AddSignTableViewTests/Info.plist;
				LD_RUNPATH_SEARCH_PATHS = "$(inherited) @executable_path/Frameworks @loader_path/Frameworks";
				PRODUCT_NAME = "$(TARGET_NAME)";
				TEST_HOST = "$(BUILT_PRODUCTS_DIR)/AddSignTableView.app/AddSignTableView";
			};
			name = Release;
		};
/* End XCBuildConfiguration section */

/* Begin XCConfigurationList section */
		849C049B1BB011A0005E835C /* Build configuration list for PBXProject "AddSignTableView" */ = {
			isa = XCConfigurationList;
			buildConfigurations = (
				849C04C11BB011A0005E835C /* Debug */,
				849C04C21BB011A0005E835C /* Release */,
			);
			defaultConfigurationIsVisible = 0;
			defaultConfigurationName = Release;
		};
		849C04C31BB011A0005E835C /* Build configuration list for PBXNativeTarget "AddSignTableView" */ = {
			isa = XCConfigurationList;
			buildConfigurations = (
				849C04C41BB011A0005E835C /* Debug */,
				849C04C51BB011A0005E835C /* Release */,
			);
			defaultConfigurationIsVisible = 0;
		};
		849C04C61BB011A0005E835C /* Build configuration list for PBXNativeTarget "AddSignTableViewTests" */ = {
			isa = XCConfigurationList;
			buildConfigurations = (
				849C04C71BB011A0005E835C /* Debug */,
				849C04C81BB011A0005E835C /* Release */,
			);
			defaultConfigurationIsVisible = 0;
		};
/* End XCConfigurationList section */
	};
	rootObject = 849C04981BB011A0005E835C /* Project object */;
}
